<?xml version="1.0" encoding="UTF-8" standalone="yes" ?>
<CodeBlocks_project_file>
	<FileVersion major="1" minor="6" />
	<Project>
		<Option title="CD+Graphics Magic" />
		<Option platforms="Unix;" />
		<Option pch_mode="2" />
		<Option compiler="gcc" />
		<Option virtualFolders="EditingGroup/;TextClip/;Application/;EditingLanes/;BMPClip/;BMPObject/;GraphicsEncode-Decode/;MediaClip/;PALGlobalClip/;PALObject/;ScrollClip/;VectorClip/;" />
		<Build>
			<Target title="Debug">
				<Option output="../../Binaries/CDG_Magic/CDG_Magic__DEBUG" prefix_auto="0" extension_auto="0" />
				<Option object_output="../../Object_Files/CDG_Magic/Debug/" />
				<Option type="1" />
				<Option compiler="gcc" />
				<Compiler>
					<Add option="-g" />
					<Add option='-DCDGMAGIC_APP_VERSION_STRING=&quot;\\&quot;CD+Graphics Magic EXPERIMENTAL 001b (debug) - Linux\\&quot;&quot;' />
				</Compiler>
				<Linker>
					<Add library="fltk13_debug" />
					<Add library="portaudio" />
					<Add library="pthread" />
					<Add library="X11" />
				</Linker>
			</Target>
			<Target title="Release">
				<Option output="../../Binaries/CDG_Magic/CDG_Magic" prefix_auto="0" extension_auto="0" />
				<Option object_output="../../Object_Files/CDG_Magic/Release/" />
				<Option type="0" />
				<Option compiler="gcc" />
				<Compiler>
					<Add option="-march=i686" />
					<Add option="-fomit-frame-pointer" />
					<Add option="-fexpensive-optimizations" />
					<Add option="-O3" />
					<Add option='-DCDGMAGIC_APP_VERSION_STRING=&quot;\\&quot;CD+Graphics Magic EXPERIMENTAL 001b - Linux\\&quot;&quot;' />
				</Compiler>
				<Linker>
					<Add option="-s" />
					<Add library="fltk13" />
					<Add library="portaudio" />
					<Add library="pthread" />
					<Add library="X11" />
				</Linker>
			</Target>
		</Build>
		<Compiler>
			<Add option="-Winit-self" />
			<Add option="-Wcast-align" />
			<Add option="-Wundef" />
			<Add option="-Wfloat-equal" />
			<Add option="-Wmissing-declarations" />
			<Add option="-Wmissing-include-dirs" />
			<Add option="-Wswitch-enum" />
			<Add option="-Wmain" />
			<Add option="-DMAX_PATH=8192" />
			<Add option="-D_CDGMAGIC_NOLANESHANDLEREDRAW_" />
			<Add option="-D_CDGMAGIC_USEPCLINUXAUDIO_" />
			<Add directory="../../Libraries/FLTK" />
		</Compiler>
		<Linker>
			<Add directory="../../Libraries/FLTK/lib_fix01" />
		</Linker>
		<Unit filename="Source/CDGMagic_Application.cpp">
			<Option virtualFolder="Application/" />
		</Unit>
		<Unit filename="Source/CDGMagic_Application.h">
			<Option virtualFolder="Application/" />
		</Unit>
		<Unit filename="Source/CDGMagic_AudioPlayback.cpp">
			<Option virtualFolder="EditingLanes/" />
		</Unit>
		<Unit filename="Source/CDGMagic_AudioPlayback.h">
			<Option virtualFolder="EditingLanes/" />
		</Unit>
		<Unit filename="Source/CDGMagic_BMPClip.cpp">
			<Option virtualFolder="BMPClip/" />
		</Unit>
		<Unit filename="Source/CDGMagic_BMPClip.h">
			<Option virtualFolder="BMPClip/" />
		</Unit>
		<Unit filename="Source/CDGMagic_BMPClip_Window.cpp">
			<Option virtualFolder="BMPClip/" />
		</Unit>
		<Unit filename="Source/CDGMagic_BMPClip_Window.h">
			<Option virtualFolder="BMPClip/" />
		</Unit>
		<Unit filename="Source/CDGMagic_BMPLoader.cpp">
			<Option virtualFolder="BMPObject/" />
		</Unit>
		<Unit filename="Source/CDGMagic_BMPLoader.h">
			<Option virtualFolder="BMPObject/" />
		</Unit>
		<Unit filename="Source/CDGMagic_BMPObject.cpp">
			<Option virtualFolder="BMPObject/" />
		</Unit>
		<Unit filename="Source/CDGMagic_BMPObject.h">
			<Option virtualFolder="BMPObject/" />
		</Unit>
		<Unit filename="Source/CDGMagic_BMPObject__bilinear_resize.cpp">
			<Option virtualFolder="BMPObject/" />
		</Unit>
		<Unit filename="Source/CDGMagic_EditingGroup.cpp">
			<Option virtualFolder="EditingGroup/" />
		</Unit>
		<Unit filename="Source/CDGMagic_EditingGroup.h">
			<Option virtualFolder="EditingGroup/" />
		</Unit>
		<Unit filename="Source/CDGMagic_EditingGroup_Callbacks.cpp">
			<Option virtualFolder="EditingGroup/" />
		</Unit>
		<Unit filename="Source/CDGMagic_EditingLanes.cpp">
			<Option virtualFolder="EditingLanes/" />
		</Unit>
		<Unit filename="Source/CDGMagic_EditingLanes.h">
			<Option virtualFolder="EditingLanes/" />
		</Unit>
		<Unit filename="Source/CDGMagic_EditingLanes_PlaybackHead.cpp">
			<Option virtualFolder="EditingLanes/" />
		</Unit>
		<Unit filename="Source/CDGMagic_EditingLanes_PlaybackHead.h">
			<Option virtualFolder="EditingLanes/" />
		</Unit>
		<Unit filename="Source/CDGMagic_FontBlock.cpp">
			<Option virtualFolder="GraphicsEncode-Decode/" />
		</Unit>
		<Unit filename="Source/CDGMagic_FontBlock.h">
			<Option virtualFolder="GraphicsEncode-Decode/" />
		</Unit>
		<Unit filename="Source/CDGMagic_GraphicsDecoder.cpp">
			<Option virtualFolder="GraphicsEncode-Decode/" />
		</Unit>
		<Unit filename="Source/CDGMagic_GraphicsDecoder.h">
			<Option virtualFolder="GraphicsEncode-Decode/" />
		</Unit>
		<Unit filename="Source/CDGMagic_GraphicsEncoder.cpp">
			<Option virtualFolder="GraphicsEncode-Decode/" />
		</Unit>
		<Unit filename="Source/CDGMagic_GraphicsEncoder.h">
			<Option virtualFolder="GraphicsEncode-Decode/" />
		</Unit>
		<Unit filename="Source/CDGMagic_GraphicsEncoder__compositor.cpp">
			<Option virtualFolder="GraphicsEncode-Decode/" />
		</Unit>
		<Unit filename="Source/CDGMagic_GraphicsEncoder__write_fontblock.cpp">
			<Option virtualFolder="GraphicsEncode-Decode/" />
		</Unit>
		<Unit filename="Source/CDGMagic_Main.cpp">
			<Option virtualFolder="Application/" />
		</Unit>
		<Unit filename="Source/CDGMagic_MainWindow.cpp">
			<Option virtualFolder="Application/" />
		</Unit>
		<Unit filename="Source/CDGMagic_MainWindow.h">
			<Option virtualFolder="Application/" />
		</Unit>
		<Unit filename="Source/CDGMagic_MainWindow_MenuBar.cpp">
			<Option virtualFolder="Application/" />
		</Unit>
		<Unit filename="Source/CDGMagic_MainWindow_MenuBar.h">
			<Option virtualFolder="Application/" />
		</Unit>
		<Unit filename="Source/CDGMagic_MainWindow_MenuBar_MenuItems.h">
			<Option virtualFolder="Application/" />
		</Unit>
		<Unit filename="Source/CDGMagic_MediaClip.cpp">
			<Option virtualFolder="MediaClip/" />
		</Unit>
		<Unit filename="Source/CDGMagic_MediaClip.h">
			<Option virtualFolder="MediaClip/" />
		</Unit>
		<Unit filename="Source/CDGMagic_MovableClipBox.cpp">
			<Option virtualFolder="MediaClip/" />
		</Unit>
		<Unit filename="Source/CDGMagic_MovableClipBox.h">
			<Option virtualFolder="MediaClip/" />
		</Unit>
		<Unit filename="Source/CDGMagic_PALGlobalClip.cpp">
			<Option virtualFolder="PALGlobalClip/" />
		</Unit>
		<Unit filename="Source/CDGMagic_PALGlobalClip.h">
			<Option virtualFolder="PALGlobalClip/" />
		</Unit>
		<Unit filename="Source/CDGMagic_PALGlobalClip_Window.cpp">
			<Option virtualFolder="PALGlobalClip/" />
		</Unit>
		<Unit filename="Source/CDGMagic_PALGlobalClip_Window.h">
			<Option virtualFolder="PALGlobalClip/" />
		</Unit>
		<Unit filename="Source/CDGMagic_PALObject.cpp">
			<Option virtualFolder="PALObject/" />
		</Unit>
		<Unit filename="Source/CDGMagic_PALObject.h">
			<Option virtualFolder="PALObject/" />
		</Unit>
		<Unit filename="Source/CDGMagic_PreviewWindow.cpp">
			<Option virtualFolder="Application/" />
		</Unit>
		<Unit filename="Source/CDGMagic_PreviewWindow.h">
			<Option virtualFolder="Application/" />
		</Unit>
		<Unit filename="Source/CDGMagic_ScrollClip.cpp">
			<Option compile="0" />
			<Option link="0" />
			<Option virtualFolder="ScrollClip/" />
		</Unit>
		<Unit filename="Source/CDGMagic_ScrollClip.h">
			<Option virtualFolder="ScrollClip/" />
		</Unit>
		<Unit filename="Source/CDGMagic_ScrollClip_Window.cpp">
			<Option compile="0" />
			<Option link="0" />
			<Option virtualFolder="ScrollClip/" />
		</Unit>
		<Unit filename="Source/CDGMagic_ScrollClip_Window.h">
			<Option virtualFolder="ScrollClip/" />
		</Unit>
		<Unit filename="Source/CDGMagic_TextClip.cpp">
			<Option virtualFolder="TextClip/" />
		</Unit>
		<Unit filename="Source/CDGMagic_TextClip.h">
			<Option virtualFolder="TextClip/" />
		</Unit>
		<Unit filename="Source/CDGMagic_TextClip_Window.cpp">
			<Option virtualFolder="TextClip/" />
		</Unit>
		<Unit filename="Source/CDGMagic_TextClip_Window.h">
			<Option virtualFolder="TextClip/" />
		</Unit>
		<Unit filename="Source/CDGMagic_TextClip_Window__CtrlButton.cpp">
			<Option virtualFolder="TextClip/" />
		</Unit>
		<Unit filename="Source/CDGMagic_TextClip_Window__CtrlButton.h">
			<Option virtualFolder="TextClip/" />
		</Unit>
		<Unit filename="Source/CDGMagic_TextClip_Window__Editor.cpp">
			<Option virtualFolder="TextClip/" />
		</Unit>
		<Unit filename="Source/CDGMagic_TextClip_Window__Editor.h">
			<Option virtualFolder="TextClip/" />
		</Unit>
		<Unit filename="Source/CDGMagic_TimeOutput.cpp">
			<Option virtualFolder="EditingGroup/" />
		</Unit>
		<Unit filename="Source/CDGMagic_TimeOutput.h">
			<Option virtualFolder="EditingGroup/" />
		</Unit>
		<Unit filename="Source/CDGMagic_TrackOptions.cpp">
			<Option virtualFolder="EditingLanes/" />
		</Unit>
		<Unit filename="Source/CDGMagic_TrackOptions.h">
			<Option virtualFolder="EditingLanes/" />
		</Unit>
		<Unit filename="Source/CDGMagic_TrackOptions_MaskWindow.cpp">
			<Option virtualFolder="EditingLanes/" />
		</Unit>
		<Unit filename="Source/CDGMagic_VectorClip_Window.cpp">
			<Option compile="0" />
			<Option link="0" />
			<Option virtualFolder="VectorClip/" />
		</Unit>
		<Unit filename="Source/CDGMagic_VectorClip_Window.h">
			<Option virtualFolder="VectorClip/" />
		</Unit>
		<Unit filename="Source/playback_head_xpm.h">
			<Option virtualFolder="EditingLanes/" />
		</Unit>
		<Extensions>
			<code_completion />
			<debugger />
		</Extensions>
	</Project>
</CodeBlocks_project_file>
